Microsoft Visual Studio Solution File, Format Version 11.00
# Visual Studio 2008

Project("{E1304E22-7925-DDC8-2055-2411B911D4E2}") = "SIA_01-10_versão_2", "Assembly-UnityScript.unityproj", "{855F32A7-972B-2E19-C08B-B6CEC4DD2524}"
EndProject
Global
	GlobalSection(SolutionConfigurationPlatforms) = preSolution
		Debug|Any CPU = Debug|Any CPU
		Release|Any CPU = Release|Any CPU
	EndGlobalSection
	GlobalSection(ProjectConfigurationPlatforms) = postSolution
		{855F32A7-972B-2E19-C08B-B6CEC4DD2524}.Debug|Any CPU.ActiveCfg = Debug|Any CPU
		{855F32A7-972B-2E19-C08B-B6CEC4DD2524}.Debug|Any CPU.Build.0 = Debug|Any CPU
		{855F32A7-972B-2E19-C08B-B6CEC4DD2524}.Release|Any CPU.ActiveCfg = Release|Any CPU
		{855F32A7-972B-2E19-C08B-B6CEC4DD2524}.Release|Any CPU.Build.0 = Release|Any CPU
	EndGlobalSection
	GlobalSection(SolutionProperties) = preSolution
		HideSolutionNode = FALSE
	EndGlobalSection
		GlobalSection(MonoDevelopProperties) = preSolution
		StartupItem = Assembly-CSharp.csproj
		Policies = $0
		$0.TextStylePolicy = $1
		$1.inheritsSet = null
		$1.scope = text/x-csharp
		$0.CSharpFormattingPolicy = $2
		$2.inheritsSet = Mono
		$2.inheritsScope = text/x-csharp
		$2.scope = text/x-csharp
		$0.TextStylePolicy = $3
		$3.FileWidth = 120
		$3.TabWidth = 4
		$3.EolMarker = Unix
		$3.inheritsSet = Mono
		$3.inheritsScope = text/plain
		$3.scope = text/plain
	EndGlobalSection

EndGlobal
